// !$*UTF8*$!
{
	archiveVersion = 1;
	classes = {
	};
	objectVersion = 46;
	objects = {

/* Begin PBXBuildFile section */
		04A7BFC21C8060B800A24D71 /* main.m in Sources */ = {isa = PBXBuildFile; fileRef = 04A7BFC11C8060B800A24D71 /* main.m */; };
		04A7BFCA1C80610E00A24D71 /* IDCardNumberValidator.m in Sources */ = {isa = PBXBuildFile; fileRef = 04A7BFC91C80610E00A24D71 /* IDCardNumberValidator.m */; };
/* End PBXBuildFile section */

/* Begin PBXCopyFilesBuildPhase section */
		04A7BFBC1C8060B800A24D71 /* CopyFiles */ = {
			isa = PBXCopyFilesBuildPhase;
			buildActionMask = 2147483647;
			dstPath = /usr/share/man/man1/;
			dstSubfolderSpec = 0;
			files = (
			);
			runOnlyForDeploymentPostprocessing = 1;
		};
/* End PBXCopyFilesBuildPhase section */

/* Begin PBXFileReference section */
		04A7BFBE1C8060B800A24D71 /* IDCardNumber-Validation-Demo */ = {isa = PBXFileReference; explicitFileType = "compiled.mach-o.executable"; includeInIndex = 0; path = "IDCardNumber-Validation-Demo"; sourceTree = BUILT_PRODUCTS_DIR; };
		04A7BFC11C8060B800A24D71 /* main.m */ = {isa = PBXFileReference; lastKnownFileType = sourcecode.c.objc; path = main.m; sourceTree = "<group>"; };
		04A7BFC81C80610E00A24D71 /* IDCardNumberValidator.h */ = {isa = PBXFileReference; fileEncoding = 4; lastKnownFileType = sourcecode.c.h; path = IDCardNumberValidator.h; sourceTree = "<group>"; };
		04A7BFC91C80610E00A24D71 /* IDCardNumberValidator.m */ = {isa = PBXFileReference; fileEncoding = 4; lastKnownFileType = sourcecode.c.objc; path = IDCardNumberValidator.m; sourceTree = "<group>"; };
/* End PBXFileReference section */

/* Begin PBXFrameworksBuildPhase section */
		04A7BFBB1C8060B800A24D71 /* Frameworks */ = {
			isa = PBXFrameworksBuildPhase;
			buildActionMask = 2147483647;
			files = (
			);
			runOnlyForDeploymentPostprocessing = 0;
		};
/* End PBXFrameworksBuildPhase section */

/* Begin PBXGroup section */
		04A7BFB51C8060B800A24D71 = {
			isa = PBXGroup;
			children = (
				04A7BFC01C8060B800A24D71 /* IDCardNumber-Validation-Demo */,
				04A7BFBF1C8060B800A24D71 /* Products */,
			);
			sourceTree = "<group>";
		};
		04A7BFBF1C8060B800A24D71 /* Products */ = {
			isa = PBXGroup;
			children = (
				04A7BFBE1C8060B800A24D71 /* IDCardNumber-Validation-Demo */,
			);
			name = Products;
			sourceTree = "<group>";
		};
		04A7BFC01C8060B800A24D71 /* IDCardNumber-Validation-Demo */ = {
			isa = PBXGroup;
			children = (
				04A7BFC11C8060B800A24D71 /* main.m */,
				04A7BFC81C80610E00A24D71 /* IDCardNumberValidator.h */,
				04A7BFC91C80610E00A24D71 /* IDCardNumberValidator.m */,
			);
			path = "IDCardNumber-Validation-Demo";
			sourceTree = "<group>";
		};
/* End PBXGroup section */

/* Begin PBXNativeTarget section */
		04A7BFBD1C8060B800A24D71 /* IDCardNumber-Validation-Demo */ = {
			isa = PBXNativeTarget;
			buildConfigurationList = 04A7BFC51C8060B800A24D71 /* Build configuration list for PBXNativeTarget "IDCardNumber-Validation-Demo" */;
			buildPhases = (
				04A7BFBA1C8060B800A24D71 /* Sources */,
				04A7BFBB1C8060B800A24D71 /* Frameworks */,
				04A7BFBC1C8060B800A24D71 /* CopyFiles */,
			);
			buildRules = (
			);
			dependencies = (
			);
			name = "IDCardNumber-Validation-Demo";
			productName = "IDCardNumber-Validation-Demo";
			productReference = 04A7BFBE1C8060B800A24D71 /* IDCardNumber-Validation-Demo */;
			productType = "com.apple.product-type.tool";
		};
/* End PBXNativeTarget section */

/* Begin PBXProject section */
		04A7BFB61C8060B800A24D71 /* Project object */ = {
			isa = PBXProject;
			attributes = {
				LastUpgradeCheck = 0720;
				ORGANIZATIONNAME = Vincent;
				TargetAttributes = {
					04A7BFBD1C8060B800A24D71 = {
						CreatedOnToolsVersion = 7.2.1;
					};
				};
			};
			buildConfigurationList = 04A7BFB91C8060B800A24D71 /* Build configuration list for PBXProject "IDCardNumber-Validation-Demo" */;
			compatibilityVersion = "Xcode 3.2";
			developmentRegion = English;
			hasScannedForEncodings = 0;
			knownRegions = (
				en,
			);
			mainGroup = 04A7BFB51C8060B800A24D71;
			productRefGroup = 04A7BFBF1C8060B800A24D71 /* Products */;
			projectDirPath = "";
			projectRoot = "";
			targets = (
				04A7BFBD1C8060B800A24D71 /* IDCardNumber-Validation-Demo */,
			);
		};
/* End PBXProject section */

/* Begin PBXSourcesBuildPhase section */
		04A7BFBA1C8060B800A24D71 /* Sources */ = {
			isa = PBXSourcesBuildPhase;
			buildActionMask = 2147483647;
			files = (
				04A7BFCA1C80610E00A24D71 /* IDCardNumberValidator.m in Sources */,
				04A7BFC21C8060B800A24D71 /* main.m in Sources */,
			);
			runOnlyForDeploymentPostprocessing = 0;
		};
/* End PBXSourcesBuildPhase section */

/* Begin XCBuildConfiguration section */
		04A7BFC31C8060B800A24D71 /* Debug */ = {
			isa = XCBuildConfiguration;
			buildSettings = {
				ALWAYS_SEARCH_USER_PATHS = NO;
				CLANG_CXX_LANGUAGE_STANDARD = "gnu++0x";
				CLANG_CXX_LIBRARY = "libc++";
				CLANG_ENABLE_MODULES = YES;
				CLANG_ENABLE_OBJC_ARC = YES;
				CLANG_WARN_BOOL_CONVERSION = YES;
				CLANG_WARN_CONSTANT_CONVERSION = YES;
				CLANG_WARN_DIRECT_OBJC_ISA_USAGE = YES_ERROR;
				CLANG_WARN_EMPTY_BODY = YES;
				CLANG_WARN_ENUM_CONVERSION = YES;
				CLANG_WARN_INT_CONVERSION = YES;
				CLANG_WARN_OBJC_ROOT_CLASS = YES_ERROR;
				CLANG_WARN_UNREACHABLE_CODE = YES;
				CLANG_WARN__DUPLICATE_METHOD_MATCH = YES;
				CODE_SIGN_IDENTITY = "-";
				COPY_PHASE_STRIP = NO;
				DEBUG_INFORMATION_FORMAT = dwarf;
				ENABLE_STRICT_OBJC_MSGSEND = YES;
				ENABLE_TESTABILITY = YES;
				GCC_C_LANGUAGE_STANDARD = gnu99;
				GCC_DYNAMIC_NO_PIC = NO;
				GCC_NO_COMMON_BLOCKS = YES;
				GCC_OPTIMIZATION_LEVEL = 0;
				GCC_PREPROCESSOR_DEFINITIONS = (
					"DEBUG=1",
					"$(inherited)",
				);
				GCC_WARN_64_TO_32_BIT_CONVERSION = YES;
				GCC_WARN_ABOUT_RETURN_TYPE = YES_ERROR;
				GCC_WARN_UNDECLARED_SELECTOR = YES;
				GCC_WARN_UNINITIALIZED_AUTOS = YES_AGGRESSIVE;
				GCC_WARN_UNUSED_FUNCTION = YES;
				GCC_WARN_UNUSED_VARIABLE = YES;
				MACOSX_DEPLOYMENT_TARGET = 10.11;
				MTL_ENABLE_DEBUG_INFO = YES;
				ONLY_ACTIVE_ARCH = YES;
				SDKROOT = macosx;
			};
			name = Debug;
		};
		04A7BFC41C8060B800A24D71 /* Release */ = {
			isa = XCBuildConfiguration;
			buildSettings = {
				ALWAYS_SEARCH_USER_PATHS = NO;
				CLANG_CXX_LANGUAGE_STANDARD = "gnu++0x";
				CLANG_CXX_LIBRARY = "libc++";
				CLANG_ENABLE_MODULES = YES;
				CLANG_ENABLE_OBJC_ARC = YES;
				CLANG_WARN_BOOL_CONVERSION = YES;
				CLANG_WARN_CONSTANT_CONVERSION = YES;
				CLANG_WARN_DIRECT_OBJC_ISA_USAGE = YES_ERROR;
				CLANG_WARN_EMPTY_BODY = YES;
				CLANG_WARN_ENUM_CONVERSION = YES;
				CLANG_WARN_INT_CONVERSION = YES;
				CLANG_WARN_OBJC_ROOT_CLASS = YES_ERROR;
				CLANG_WARN_UNREACHABLE_CODE = YES;
				CLANG_WARN__DUPLICATE_METHOD_MATCH = YES;
				CODE_SIGN_IDENTITY = "-";
				COPY_PHASE_STRIP = NO;
				DEBUG_INFORMATION_FORMAT = "dwarf-with-dsym";
				ENABLE_NS_ASSERTIONS = NO;
				ENABLE_STRICT_OBJC_MSGSEND = YES;
				GCC_C_LANGUAGE_STANDARD = gnu99;
				GCC_NO_COMMON_BLOCKS = YES;
				GCC_WARN_64_TO_32_BIT_CONVERSION = YES;
				GCC_WARN_ABOUT_RETURN_TYPE = YES_ERROR;
				GCC_WARN_UNDECLARED_SELECTOR = YES;
				GCC_WARN_UNINITIALIZED_AUTOS = YES_AGGRESSIVE;
				GCC_WARN_UNUSED_FUNCTION = YES;
				GCC_WARN_UNUSED_VARIABLE = YES;
				MACOSX_DEPLOYMENT_TARGET = 10.11;
				MTL_ENABLE_DEBUG_INFO = NO;
				SDKROOT = macosx;
			};
			name = Release;
		};
		04A7BFC61C8060B800A24D71 /* Debug */ = {
			isa = XCBuildConfiguration;
			buildSettings = {
				PRODUCT_NAME = "$(TARGET_NAME)";
			};
			name = Debug;
		};
		04A7BFC71C8060B800A24D71 /* Release */ = {
			isa = XCBuildConfiguration;
			buildSettings = {
				PRODUCT_NAME = "$(TARGET_NAME)";
			};
			name = Release;
		};
/* End XCBuildConfiguration section */

/* Begin XCConfigurationList section */
		04A7BFB91C8060B800A24D71 /* Build configuration list for PBXProject "IDCardNumber-Validation-Demo" */ = {
			isa = XCConfigurationList;
			buildConfigurations = (
				04A7BFC31C8060B800A24D71 /* Debug */,
				04A7BFC41C8060B800A24D71 /* Release */,
			);
			defaultConfigurationIsVisible = 0;
			defaultConfigurationName = Release;
		};
		04A7BFC51C8060B800A24D71 /* Build configuration list for PBXNativeTarget "IDCardNumber-Validation-Demo" */ = {
			isa = XCConfigurationList;
			buildConfigurations = (
				04A7BFC61C8060B800A24D71 /* Debug */,
				04A7BFC71C8060B800A24D71 /* Release */,
			);
			defaultConfigurationIsVisible = 0;
		};
/* End XCConfigurationList section */
	};
	rootObject = 04A7BFB61C8060B800A24D71 /* Project object */;
}
